# This file is generated by running "yarn install" inside your project.
# Manual changes might be lost - proceed with caution!

__metadata:
  version: 8
  cacheKey: 10c0

"@calcit/procs@npm:^0.13.29":
  version: 0.13.29
  resolution: "@calcit/procs@npm:0.13.29"
  dependencies:
    "@calcit/ternary-tree": "npm:0.0.26"
    "@cirru/parser.ts": "npm:^0.0.9"
    "@cirru/writer.ts": "npm:^0.1.9"
  checksum: 10c0/d8db7c62054dda827557f1bd8c8d7a777c17b40bd43f51fb3b39c57386d1c1a41dad449b641201daa05ad14c38a423601c803b5d9eb3557ae0173ae1a03f570a
  languageName: node
  linkType: hard

"@calcit/ternary-tree@npm:0.0.26":
  version: 0.0.26
  resolution: "@calcit/ternary-tree@npm:0.0.26"
  checksum: 10c0/53fee664f72e25f3512f3a61c917fe7926e2620caab1fed68e030ee4ddf905be68b4249c2e644a4db7cadb96b23594059f73fa9c475af8a79526e8d145736563
  languageName: node
  linkType: hard

"@cirru/parser.ts@npm:^0.0.9":
  version: 0.0.9
  resolution: "@cirru/parser.ts@npm:0.0.9"
  checksum: 10c0/3b13623b8f627ac81adae0cb6a4e3664f0da09115a997ca9b78b8d5d0b0f9b9b18c1ad847e068831cb1052c7da2a00329d2af04421b1024a004eef0ddca5fd7a
  languageName: node
  linkType: hard

"@cirru/writer.ts@npm:^0.1.9":
  version: 0.1.9
  resolution: "@cirru/writer.ts@npm:0.1.9"
  checksum: 10c0/df2672837d1bf61ee1a83b8b77ea17b9c241cb8135323567992749ee26daf3abccf43ab75d8698d67c36c8b8469f9a66c235a809a60484d71133592a9161a054
  languageName: node
  linkType: hard

"@pnpm/config.env-replace@npm:^1.1.0":
  version: 1.1.0
  resolution: "@pnpm/config.env-replace@npm:1.1.0"
  checksum: 10c0/4cfc4a5c49ab3d0c6a1f196cfd4146374768b0243d441c7de8fa7bd28eaab6290f514b98490472cc65dbd080d34369447b3e9302585e1d5c099befd7c8b5e55f
  languageName: node
  linkType: hard

"@pnpm/network.ca-file@npm:^1.0.1":
  version: 1.0.2
  resolution: "@pnpm/network.ca-file@npm:1.0.2"
  dependencies:
    graceful-fs: "npm:4.2.10"
  checksum: 10c0/95f6e0e38d047aca3283550719155ce7304ac00d98911e4ab026daedaf640a63bd83e3d13e17c623fa41ac72f3801382ba21260bcce431c14fbbc06430ecb776
  languageName: node
  linkType: hard

"@pnpm/npm-conf@npm:^2.1.0":
  version: 2.3.1
  resolution: "@pnpm/npm-conf@npm:2.3.1"
  dependencies:
    "@pnpm/config.env-replace": "npm:^1.1.0"
    "@pnpm/network.ca-file": "npm:^1.0.1"
    config-chain: "npm:^1.1.11"
  checksum: 10c0/778a3a34ff7d6000a2594d2a9821f873f737bc56367865718b2cf0ba5d366e49689efe7975148316d7afd8e6f1dcef7d736fbb6ea7ef55caadd1dc93a36bb302
  languageName: node
  linkType: hard

"@worktools/serve-json@workspace:.":
  version: 0.0.0-use.local
  resolution: "@worktools/serve-json@workspace:."
  dependencies:
    "@calcit/procs": "npm:^0.13.29"
    chalk: "npm:^5.3.0"
    gaze: "npm:^1.1.3"
    http-proxy: "npm:^1.18.1"
    json5: "npm:^2.2.3"
    latest-version: "npm:^9.0.0"
  bin:
    serve-json: ./main.mjs
  languageName: unknown
  linkType: soft

"balanced-match@npm:^1.0.0":
  version: 1.0.2
  resolution: "balanced-match@npm:1.0.2"
  checksum: 10c0/9308baf0a7e4838a82bbfd11e01b1cb0f0cf2893bc1676c27c2a8c0e70cbae1c59120c3268517a8ae7fb6376b4639ef81ca22582611dbee4ed28df945134aaee
  languageName: node
  linkType: hard

"brace-expansion@npm:^1.1.7":
  version: 1.1.12
  resolution: "brace-expansion@npm:1.1.12"
  dependencies:
    balanced-match: "npm:^1.0.0"
    concat-map: "npm:0.0.1"
  checksum: 10c0/975fecac2bb7758c062c20d0b3b6288c7cc895219ee25f0a64a9de662dbac981ff0b6e89909c3897c1f84fa353113a721923afdec5f8b2350255b097f12b1f73
  languageName: node
  linkType: hard

"chalk@npm:^5.3.0":
  version: 5.3.0
  resolution: "chalk@npm:5.3.0"
  checksum: 10c0/8297d436b2c0f95801103ff2ef67268d362021b8210daf8ddbe349695333eb3610a71122172ff3b0272f1ef2cf7cc2c41fdaa4715f52e49ffe04c56340feed09
  languageName: node
  linkType: hard

"concat-map@npm:0.0.1":
  version: 0.0.1
  resolution: "concat-map@npm:0.0.1"
  checksum: 10c0/c996b1cfdf95b6c90fee4dae37e332c8b6eb7d106430c17d538034c0ad9a1630cb194d2ab37293b1bdd4d779494beee7786d586a50bd9376fd6f7bcc2bd4c98f
  languageName: node
  linkType: hard

"config-chain@npm:^1.1.11":
  version: 1.1.13
  resolution: "config-chain@npm:1.1.13"
  dependencies:
    ini: "npm:^1.3.4"
    proto-list: "npm:~1.2.1"
  checksum: 10c0/39d1df18739d7088736cc75695e98d7087aea43646351b028dfabd5508d79cf6ef4c5bcd90471f52cd87ae470d1c5490c0a8c1a292fbe6ee9ff688061ea0963e
  languageName: node
  linkType: hard

"deep-extend@npm:^0.6.0":
  version: 0.6.0
  resolution: "deep-extend@npm:0.6.0"
  checksum: 10c0/1c6b0abcdb901e13a44c7d699116d3d4279fdb261983122a3783e7273844d5f2537dc2e1c454a23fcf645917f93fbf8d07101c1d03c015a87faa662755212566
  languageName: node
  linkType: hard

"eventemitter3@npm:^4.0.0":
  version: 4.0.7
  resolution: "eventemitter3@npm:4.0.7"
  checksum: 10c0/5f6d97cbcbac47be798e6355e3a7639a84ee1f7d9b199a07017f1d2f1e2fe236004d14fa5dfaeba661f94ea57805385e326236a6debbc7145c8877fbc0297c6b
  languageName: node
  linkType: hard

"follow-redirects@npm:^1.0.0":
  version: 1.16.0
  resolution: "follow-redirects@npm:1.16.0"
  peerDependenciesMeta:
    debug:
      optional: true
  checksum: 10c0/a1e2900163e6f1b4d1ed5c221b607f41decbab65534c63fe7e287e40a5d552a6496e7d9d7d976fa4ba77b4c51c11e5e9f683f10b43011ea11e442ff128d0e181
  languageName: node
  linkType: hard

"fs.realpath@npm:^1.0.0":
  version: 1.0.0
  resolution: "fs.realpath@npm:1.0.0"
  checksum: 10c0/444cf1291d997165dfd4c0d58b69f0e4782bfd9149fd72faa4fe299e68e0e93d6db941660b37dd29153bf7186672ececa3b50b7e7249477b03fdf850f287c948
  languageName: node
  linkType: hard

"gaze@npm:^1.1.3":
  version: 1.1.3
  resolution: "gaze@npm:1.1.3"
  dependencies:
    globule: "npm:^1.0.0"
  checksum: 10c0/5369619e23f6585e3a5efc4b8fad3b9f129fb4a88685bf0d6a98ca5ea0adb3868ede3d05643101deb03c42e15a0d36182d37f0122945935d05eddc82f4d79bfe
  languageName: node
  linkType: hard

"glob@npm:~7.1.1":
  version: 7.1.7
  resolution: "glob@npm:7.1.7"
  dependencies:
    fs.realpath: "npm:^1.0.0"
    inflight: "npm:^1.0.4"
    inherits: "npm:2"
    minimatch: "npm:^3.0.4"
    once: "npm:^1.3.0"
    path-is-absolute: "npm:^1.0.0"
  checksum: 10c0/173245e6f9ccf904309eb7ef4a44a11f3bf68e9e341dff5a28b5db0dd7123b7506daf41497f3437a0710f57198187b758c2351eeaabce4d16935e956920da6a4
  languageName: node
  linkType: hard

"globule@npm:^1.0.0":
  version: 1.3.4
  resolution: "globule@npm:1.3.4"
  dependencies:
    glob: "npm:~7.1.1"
    lodash: "npm:^4.17.21"
    minimatch: "npm:~3.0.2"
  checksum: 10c0/10204e914adae6f7ac0c499849b6e306d73cdd3547fd0c3a43db5f4afe36027fa8afa0707306c33b29d73d90fe0d357cd1c946c58ff20da9e52226abad20335a
  languageName: node
  linkType: hard

"graceful-fs@npm:4.2.10":
  version: 4.2.10
  resolution: "graceful-fs@npm:4.2.10"
  checksum: 10c0/4223a833e38e1d0d2aea630c2433cfb94ddc07dfc11d511dbd6be1d16688c5be848acc31f9a5d0d0ddbfb56d2ee5a6ae0278aceeb0ca6a13f27e06b9956fb952
  languageName: node
  linkType: hard

"http-proxy@npm:^1.18.1":
  version: 1.18.1
  resolution: "http-proxy@npm:1.18.1"
  dependencies:
    eventemitter3: "npm:^4.0.0"
    follow-redirects: "npm:^1.0.0"
    requires-port: "npm:^1.0.0"
  checksum: 10c0/148dfa700a03fb421e383aaaf88ac1d94521dfc34072f6c59770528c65250983c2e4ec996f2f03aa9f3fe46cd1270a593126068319311e3e8d9e610a37533e94
  languageName: node
  linkType: hard

"inflight@npm:^1.0.4":
  version: 1.0.6
  resolution: "inflight@npm:1.0.6"
  dependencies:
    once: "npm:^1.3.0"
    wrappy: "npm:1"
  checksum: 10c0/7faca22584600a9dc5b9fca2cd5feb7135ac8c935449837b315676b4c90aa4f391ec4f42240178244b5a34e8bede1948627fda392ca3191522fc46b34e985ab2
  languageName: node
  linkType: hard

"inherits@npm:2":
  version: 2.0.4
  resolution: "inherits@npm:2.0.4"
  checksum: 10c0/4e531f648b29039fb7426fb94075e6545faa1eb9fe83c29f0b6d9e7263aceb4289d2d4557db0d428188eeb449cc7c5e77b0a0b2c4e248ff2a65933a0dee49ef2
  languageName: node
  linkType: hard

"ini@npm:^1.3.4, ini@npm:~1.3.0":
  version: 1.3.8
  resolution: "ini@npm:1.3.8"
  checksum: 10c0/ec93838d2328b619532e4f1ff05df7909760b6f66d9c9e2ded11e5c1897d6f2f9980c54dd638f88654b00919ce31e827040631eab0a3969e4d1abefa0719516a
  languageName: node
  linkType: hard

"json5@npm:^2.2.3":
  version: 2.2.3
  resolution: "json5@npm:2.2.3"
  bin:
    json5: lib/cli.js
  checksum: 10c0/5a04eed94810fa55c5ea138b2f7a5c12b97c3750bc63d11e511dcecbfef758003861522a070c2272764ee0f4e3e323862f386945aeb5b85b87ee43f084ba586c
  languageName: node
  linkType: hard

"ky@npm:^1.2.0":
  version: 1.7.2
  resolution: "ky@npm:1.7.2"
  checksum: 10c0/ce42c0c5eec839dd13fd14f0b60fb6f56c7c8a0df8e228597f5206b1db2f3608f3a0e477a4c002c838d21b8e65872632ef4655e9eb8508455b3c3b296af40ebc
  languageName: node
  linkType: hard

"latest-version@npm:^9.0.0":
  version: 9.0.0
  resolution: "latest-version@npm:9.0.0"
  dependencies:
    package-json: "npm:^10.0.0"
  checksum: 10c0/643cfda3a58dfb3af221a2950e433393d28a5adbe225d1cbbb358dbcbb04e9f8dce15b892f8ae3e3156f50693428dbd7ca13a69edfbdfcd94e62519480d7041e
  languageName: node
  linkType: hard

"lodash@npm:^4.17.21":
  version: 4.18.1
  resolution: "lodash@npm:4.18.1"
  checksum: 10c0/757228fc68805c59789e82185135cf85f05d0b2d3d54631d680ca79ec21944ec8314d4533639a14b8bcfbd97a517e78960933041a5af17ecb693ec6eecb99a27
  languageName: node
  linkType: hard

"minimatch@npm:^3.0.4":
  version: 3.1.2
  resolution: "minimatch@npm:3.1.2"
  dependencies:
    brace-expansion: "npm:^1.1.7"
  checksum: 10c0/0262810a8fc2e72cca45d6fd86bd349eee435eb95ac6aa45c9ea2180e7ee875ef44c32b55b5973ceabe95ea12682f6e3725cbb63d7a2d1da3ae1163c8b210311
  languageName: node
  linkType: hard

"minimatch@npm:~3.0.2":
  version: 3.0.8
  resolution: "minimatch@npm:3.0.8"
  dependencies:
    brace-expansion: "npm:^1.1.7"
  checksum: 10c0/72b226f452dcfb5075255f53534cb83fc25565b909e79b9be4fad463d735cb1084827f7013ff41d050e77ee6e474408c6073473edd2fb72c2fd630cfb0acc6ad
  languageName: node
  linkType: hard

"minimist@npm:^1.2.0":
  version: 1.2.8
  resolution: "minimist@npm:1.2.8"
  checksum: 10c0/19d3fcdca050087b84c2029841a093691a91259a47def2f18222f41e7645a0b7c44ef4b40e88a1e58a40c84d2ef0ee6047c55594d298146d0eb3f6b737c20ce6
  languageName: node
  linkType: hard

"once@npm:^1.3.0":
  version: 1.4.0
  resolution: "once@npm:1.4.0"
  dependencies:
    wrappy: "npm:1"
  checksum: 10c0/5d48aca287dfefabd756621c5dfce5c91a549a93e9fdb7b8246bc4c4790aa2ec17b34a260530474635147aeb631a2dcc8b32c613df0675f96041cbb8244517d0
  languageName: node
  linkType: hard

"package-json@npm:^10.0.0":
  version: 10.0.1
  resolution: "package-json@npm:10.0.1"
  dependencies:
    ky: "npm:^1.2.0"
    registry-auth-token: "npm:^5.0.2"
    registry-url: "npm:^6.0.1"
    semver: "npm:^7.6.0"
  checksum: 10c0/4a55648d820496326730a7b149fd3fd8382e96f3d6def5ec687f46b75063894acf06b21f79832b40bb094c821d97f532cb0f009f85c4102d0084b488d4f492d3
  languageName: node
  linkType: hard

"path-is-absolute@npm:^1.0.0":
  version: 1.0.1
  resolution: "path-is-absolute@npm:1.0.1"
  checksum: 10c0/127da03c82172a2a50099cddbf02510c1791fc2cc5f7713ddb613a56838db1e8168b121a920079d052e0936c23005562059756d653b7c544c53185efe53be078
  languageName: node
  linkType: hard

"proto-list@npm:~1.2.1":
  version: 1.2.4
  resolution: "proto-list@npm:1.2.4"
  checksum: 10c0/b9179f99394ec8a68b8afc817690185f3b03933f7b46ce2e22c1930dc84b60d09f5ad222beab4e59e58c6c039c7f7fcf620397235ef441a356f31f9744010e12
  languageName: node
  linkType: hard

"rc@npm:1.2.8":
  version: 1.2.8
  resolution: "rc@npm:1.2.8"
  dependencies:
    deep-extend: "npm:^0.6.0"
    ini: "npm:~1.3.0"
    minimist: "npm:^1.2.0"
    strip-json-comments: "npm:~2.0.1"
  bin:
    rc: ./cli.js
  checksum: 10c0/24a07653150f0d9ac7168e52943cc3cb4b7a22c0e43c7dff3219977c2fdca5a2760a304a029c20811a0e79d351f57d46c9bde216193a0f73978496afc2b85b15
  languageName: node
  linkType: hard

"registry-auth-token@npm:^5.0.2":
  version: 5.0.2
  resolution: "registry-auth-token@npm:5.0.2"
  dependencies:
    "@pnpm/npm-conf": "npm:^2.1.0"
  checksum: 10c0/20fc2225681cc54ae7304b31ebad5a708063b1949593f02dfe5fb402bc1fc28890cecec6497ea396ba86d6cca8a8480715926dfef8cf1f2f11e6f6cc0a1b4bde
  languageName: node
  linkType: hard

"registry-url@npm:^6.0.1":
  version: 6.0.1
  resolution: "registry-url@npm:6.0.1"
  dependencies:
    rc: "npm:1.2.8"
  checksum: 10c0/66e2221c8113fc35ee9d23fe58cb516fc8d556a189fb8d6f1011a02efccc846c4c9b5075b4027b99a5d5c9ad1345ac37f297bea3c0ca30d607ec8084bf561b90
  languageName: node
  linkType: hard

"requires-port@npm:^1.0.0":
  version: 1.0.0
  resolution: "requires-port@npm:1.0.0"
  checksum: 10c0/b2bfdd09db16c082c4326e573a82c0771daaf7b53b9ce8ad60ea46aa6e30aaf475fe9b164800b89f93b748d2c234d8abff945d2551ba47bf5698e04cd7713267
  languageName: node
  linkType: hard

"semver@npm:^7.6.0":
  version: 7.6.3
  resolution: "semver@npm:7.6.3"
  bin:
    semver: bin/semver.js
  checksum: 10c0/88f33e148b210c153873cb08cfe1e281d518aaa9a666d4d148add6560db5cd3c582f3a08ccb91f38d5f379ead256da9931234ed122057f40bb5766e65e58adaf
  languageName: node
  linkType: hard

"strip-json-comments@npm:~2.0.1":
  version: 2.0.1
  resolution: "strip-json-comments@npm:2.0.1"
  checksum: 10c0/b509231cbdee45064ff4f9fd73609e2bcc4e84a4d508e9dd0f31f70356473fde18abfb5838c17d56fb236f5a06b102ef115438de0600b749e818a35fbbc48c43
  languageName: node
  linkType: hard

"wrappy@npm:1":
  version: 1.0.2
  resolution: "wrappy@npm:1.0.2"
  checksum: 10c0/56fece1a4018c6a6c8e28fbc88c87e0fbf4ea8fd64fc6c63b18f4acc4bd13e0ad2515189786dd2c30d3eec9663d70f4ecf699330002f8ccb547e4a18231fc9f0
  languageName: node
  linkType: hard
