# This file is generated by running "yarn install" inside your project.
# Manual changes might be lost - proceed with caution!

__metadata:
  version: 10
  cacheKey: 10c0

"@calcit/procs@npm:0.27.0":
  version: 0.27.0
  resolution: "@calcit/procs@npm:0.27.0"
  dependencies:
    "@calcit/ternary-tree": "npm:0.0.26"
    "@cirru/parser.ts": "npm:^0.0.9"
    "@cirru/writer.ts": "npm:^0.1.9"
  checksum: 10c0/85edf1724beaf5e3b895f456b9d81ae93100316802b19bc20ab7cbcc61e295892e787c2f9cca0c9c231ba1cc3c3d320ae158d3f8c9fd39eda24500c56ebe99b1
  languageName: node
  linkType: hard

"@calcit/ternary-tree@npm:0.0.26":
  version: 0.0.26
  resolution: "@calcit/ternary-tree@npm:0.0.26"
  checksum: 10c0/53fee664f72e25f3512f3a61c917fe7926e2620caab1fed68e030ee4ddf905be68b4249c2e644a4db7cadb96b23594059f73fa9c475af8a79526e8d145736563
  languageName: node
  linkType: hard

"@cirru/parser.ts@npm:^0.0.9":
  version: 0.0.9
  resolution: "@cirru/parser.ts@npm:0.0.9"
  checksum: 10c0/3b13623b8f627ac81adae0cb6a4e3664f0da09115a997ca9b78b8d5d0b0f9b9b18c1ad847e068831cb1052c7da2a00329d2af04421b1024a004eef0ddca5fd7a
  languageName: node
  linkType: hard

"@cirru/writer.ts@npm:^0.1.9":
  version: 0.1.9
  resolution: "@cirru/writer.ts@npm:0.1.9"
  checksum: 10c0/df2672837d1bf61ee1a83b8b77ea17b9c241cb8135323567992749ee26daf3abccf43ab75d8698d67c36c8b8469f9a66c235a809a60484d71133592a9161a054
  languageName: node
  linkType: hard

"@worktools/serve-json@workspace:.":
  version: 0.0.0-use.local
  resolution: "@worktools/serve-json@workspace:."
  dependencies:
    "@calcit/procs": "npm:0.27.0"
    chalk: "npm:^5.3.0"
    gaze: "npm:^1.1.3"
    http-proxy: "npm:^1.18.1"
    json5: "npm:^2.2.3"
  bin:
    serve-json: ./main.mjs
  languageName: unknown
  linkType: soft

"balanced-match@npm:^1.0.0":
  version: 1.0.2
  resolution: "balanced-match@npm:1.0.2"
  checksum: 10c0/9308baf0a7e4838a82bbfd11e01b1cb0f0cf2893bc1676c27c2a8c0e70cbae1c59120c3268517a8ae7fb6376b4639ef81ca22582611dbee4ed28df945134aaee
  languageName: node
  linkType: hard

"brace-expansion@npm:^1.1.7":
  version: 1.1.21
  resolution: "brace-expansion@npm:1.1.21"
  dependencies:
    balanced-match: "npm:^1.0.0"
    concat-map: "npm:0.0.1"
  checksum: 10c0/8f0a68a720f9cb28c2ecaea5cdaf15fafd686d6b6e4e722a81c9d4bd2f68c1fd0619731cac05875d842221eaf4d97d564d329a12eb3c4c22137502fb3c65be8b
  languageName: node
  linkType: hard

"chalk@npm:^5.3.0":
  version: 5.3.0
  resolution: "chalk@npm:5.3.0"
  checksum: 10c0/8297d436b2c0f95801103ff2ef67268d362021b8210daf8ddbe349695333eb3610a71122172ff3b0272f1ef2cf7cc2c41fdaa4715f52e49ffe04c56340feed09
  languageName: node
  linkType: hard

"concat-map@npm:0.0.1":
  version: 0.0.1
  resolution: "concat-map@npm:0.0.1"
  checksum: 10c0/c996b1cfdf95b6c90fee4dae37e332c8b6eb7d106430c17d538034c0ad9a1630cb194d2ab37293b1bdd4d779494beee7786d586a50bd9376fd6f7bcc2bd4c98f
  languageName: node
  linkType: hard

"eventemitter3@npm:^4.0.0":
  version: 4.0.7
  resolution: "eventemitter3@npm:4.0.7"
  checksum: 10c0/5f6d97cbcbac47be798e6355e3a7639a84ee1f7d9b199a07017f1d2f1e2fe236004d14fa5dfaeba661f94ea57805385e326236a6debbc7145c8877fbc0297c6b
  languageName: node
  linkType: hard

"follow-redirects@npm:^1.0.0":
  version: 1.16.0
  resolution: "follow-redirects@npm:1.16.0"
  peerDependenciesMeta:
    debug:
      optional: true
  checksum: 10c0/a1e2900163e6f1b4d1ed5c221b607f41decbab65534c63fe7e287e40a5d552a6496e7d9d7d976fa4ba77b4c51c11e5e9f683f10b43011ea11e442ff128d0e181
  languageName: node
  linkType: hard

"fs.realpath@npm:^1.0.0":
  version: 1.0.0
  resolution: "fs.realpath@npm:1.0.0"
  checksum: 10c0/444cf1291d997165dfd4c0d58b69f0e4782bfd9149fd72faa4fe299e68e0e93d6db941660b37dd29153bf7186672ececa3b50b7e7249477b03fdf850f287c948
  languageName: node
  linkType: hard

"gaze@npm:^1.1.3":
  version: 1.1.3
  resolution: "gaze@npm:1.1.3"
  dependencies:
    globule: "npm:^1.0.0"
  checksum: 10c0/5369619e23f6585e3a5efc4b8fad3b9f129fb4a88685bf0d6a98ca5ea0adb3868ede3d05643101deb03c42e15a0d36182d37f0122945935d05eddc82f4d79bfe
  languageName: node
  linkType: hard

"glob@npm:~7.1.1":
  version: 7.1.7
  resolution: "glob@npm:7.1.7"
  dependencies:
    fs.realpath: "npm:^1.0.0"
    inflight: "npm:^1.0.4"
    inherits: "npm:2"
    minimatch: "npm:^3.0.4"
    once: "npm:^1.3.0"
    path-is-absolute: "npm:^1.0.0"
  checksum: 10c0/173245e6f9ccf904309eb7ef4a44a11f3bf68e9e341dff5a28b5db0dd7123b7506daf41497f3437a0710f57198187b758c2351eeaabce4d16935e956920da6a4
  languageName: node
  linkType: hard

"globule@npm:^1.0.0":
  version: 1.3.4
  resolution: "globule@npm:1.3.4"
  dependencies:
    glob: "npm:~7.1.1"
    lodash: "npm:^4.17.21"
    minimatch: "npm:~3.0.2"
  checksum: 10c0/10204e914adae6f7ac0c499849b6e306d73cdd3547fd0c3a43db5f4afe36027fa8afa0707306c33b29d73d90fe0d357cd1c946c58ff20da9e52226abad20335a
  languageName: node
  linkType: hard

"http-proxy@npm:^1.18.1":
  version: 1.18.1
  resolution: "http-proxy@npm:1.18.1"
  dependencies:
    eventemitter3: "npm:^4.0.0"
    follow-redirects: "npm:^1.0.0"
    requires-port: "npm:^1.0.0"
  checksum: 10c0/148dfa700a03fb421e383aaaf88ac1d94521dfc34072f6c59770528c65250983c2e4ec996f2f03aa9f3fe46cd1270a593126068319311e3e8d9e610a37533e94
  languageName: node
  linkType: hard

"inflight@npm:^1.0.4":
  version: 1.0.6
  resolution: "inflight@npm:1.0.6"
  dependencies:
    once: "npm:^1.3.0"
    wrappy: "npm:1"
  checksum: 10c0/7faca22584600a9dc5b9fca2cd5feb7135ac8c935449837b315676b4c90aa4f391ec4f42240178244b5a34e8bede1948627fda392ca3191522fc46b34e985ab2
  languageName: node
  linkType: hard

"inherits@npm:2":
  version: 2.0.4
  resolution: "inherits@npm:2.0.4"
  checksum: 10c0/4e531f648b29039fb7426fb94075e6545faa1eb9fe83c29f0b6d9e7263aceb4289d2d4557db0d428188eeb449cc7c5e77b0a0b2c4e248ff2a65933a0dee49ef2
  languageName: node
  linkType: hard

"json5@npm:^2.2.3":
  version: 2.2.3
  resolution: "json5@npm:2.2.3"
  bin:
    json5: lib/cli.js
  checksum: 10c0/5a04eed94810fa55c5ea138b2f7a5c12b97c3750bc63d11e511dcecbfef758003861522a070c2272764ee0f4e3e323862f386945aeb5b85b87ee43f084ba586c
  languageName: node
  linkType: hard

"lodash@npm:^4.17.21":
  version: 4.18.1
  resolution: "lodash@npm:4.18.1"
  checksum: 10c0/757228fc68805c59789e82185135cf85f05d0b2d3d54631d680ca79ec21944ec8314d4533639a14b8bcfbd97a517e78960933041a5af17ecb693ec6eecb99a27
  languageName: node
  linkType: hard

"minimatch@npm:^3.0.4":
  version: 3.1.2
  resolution: "minimatch@npm:3.1.2"
  dependencies:
    brace-expansion: "npm:^1.1.7"
  checksum: 10c0/0262810a8fc2e72cca45d6fd86bd349eee435eb95ac6aa45c9ea2180e7ee875ef44c32b55b5973ceabe95ea12682f6e3725cbb63d7a2d1da3ae1163c8b210311
  languageName: node
  linkType: hard

"minimatch@npm:~3.0.2":
  version: 3.0.8
  resolution: "minimatch@npm:3.0.8"
  dependencies:
    brace-expansion: "npm:^1.1.7"
  checksum: 10c0/72b226f452dcfb5075255f53534cb83fc25565b909e79b9be4fad463d735cb1084827f7013ff41d050e77ee6e474408c6073473edd2fb72c2fd630cfb0acc6ad
  languageName: node
  linkType: hard

"once@npm:^1.3.0":
  version: 1.4.0
  resolution: "once@npm:1.4.0"
  dependencies:
    wrappy: "npm:1"
  checksum: 10c0/5d48aca287dfefabd756621c5dfce5c91a549a93e9fdb7b8246bc4c4790aa2ec17b34a260530474635147aeb631a2dcc8b32c613df0675f96041cbb8244517d0
  languageName: node
  linkType: hard

"path-is-absolute@npm:^1.0.0":
  version: 1.0.1
  resolution: "path-is-absolute@npm:1.0.1"
  checksum: 10c0/127da03c82172a2a50099cddbf02510c1791fc2cc5f7713ddb613a56838db1e8168b121a920079d052e0936c23005562059756d653b7c544c53185efe53be078
  languageName: node
  linkType: hard

"requires-port@npm:^1.0.0":
  version: 1.0.0
  resolution: "requires-port@npm:1.0.0"
  checksum: 10c0/b2bfdd09db16c082c4326e573a82c0771daaf7b53b9ce8ad60ea46aa6e30aaf475fe9b164800b89f93b748d2c234d8abff945d2551ba47bf5698e04cd7713267
  languageName: node
  linkType: hard

"wrappy@npm:1":
  version: 1.0.2
  resolution: "wrappy@npm:1.0.2"
  checksum: 10c0/56fece1a4018c6a6c8e28fbc88c87e0fbf4ea8fd64fc6c63b18f4acc4bd13e0ad2515189786dd2c30d3eec9663d70f4ecf699330002f8ccb547e4a18231fc9f0
  languageName: node
  linkType: hard
